
Microsoft Visual Studio Solution File, Format Version 12.00
# Visual Studio Version 17
VisualStudioVersion = 17.7.34009.444
MinimumVisualStudioVersion = 10.0.40219.1
Project("{2150E333-8FDC-42A3-9474-1A3956D46DE8}") = "ShiftEntity", "ShiftEntity", "{43BA8F5F-30C8-4064-B666-89EAE7CF68BF}"
EndProject
Project("{9A19103F-16F7-4668-BE54-9A1E7A4F7556}") = "ShiftEntity.Model", "ShiftEntity\ShiftEntity.Model\ShiftEntity.Model.csproj", "{A7404118-3766-40A6-BB47-FFDDF62A6369}"
EndProject
Project("{9A19103F-16F7-4668-BE54-9A1E7A4F7556}") = "ShiftEntity.Core", "ShiftEntity\ShiftEntity.Core\ShiftEntity.Core.csproj", "{86450FAF-20EA-4FDE-B2EA-781DCFF0CF07}"
EndProject
Project("{9A19103F-16F7-4668-BE54-9A1E7A4F7556}") = "ShiftEntity.Web", "ShiftEntity\ShiftEntity.Web\ShiftEntity.Web.csproj", "{DF5367F3-69F8-4110-84A3-56584F1DC023}"
EndProject
Project("{9A19103F-16F7-4668-BE54-9A1E7A4F7556}") = "ShiftEntity.EFCore", "ShiftEntity\ShiftEntity.EFCore\ShiftEntity.EFCore.csproj", "{93943AB2-A764-42D6-B104-9AA3063211D3}"
EndProject
Project("{9A19103F-16F7-4668-BE54-9A1E7A4F7556}") = "ShiftEntity.CosmosDbReplication", "ShiftEntity\ShiftEntity.CosmosDbReplication\ShiftEntity.CosmosDbReplication.csproj", "{5D63041A-7C32-4AF6-92A1-90A41BDDFB04}"
EndProject
Project("{2150E333-8FDC-42A3-9474-1A3956D46DE8}") = "ShiftBlazor", "ShiftBlazor", "{4E72C740-54DF-42F8-8329-8B3E2389C3CD}"
EndProject
Project("{9A19103F-16F7-4668-BE54-9A1E7A4F7556}") = "ShiftBlazor", "ShiftBlazor\ShiftBlazor\ShiftBlazor.csproj", "{CC0D270D-54BB-4B15-9386-58731E86694D}"
EndProject
Project("{9A19103F-16F7-4668-BE54-9A1E7A4F7556}") = "ShiftBlazor.Tests", "ShiftBlazor\ShiftBlazor.Tests\ShiftBlazor.Tests.csproj", "{84401B1D-9C2B-4AB8-8FC3-0EA6BC2819D6}"
EndProject
Project("{2150E333-8FDC-42A3-9474-1A3956D46DE8}") = "TypeAuth", "TypeAuth", "{CAF61DDD-411C-408B-97FA-D81DDF514A01}"
EndProject
Project("{9A19103F-16F7-4668-BE54-9A1E7A4F7556}") = "TypeAuth.Core", "TypeAuth\TypeAuth.Core\TypeAuth.Core.csproj", "{2FE22ADD-54A1-4F2E-A784-CD78A06C428F}"
EndProject
Project("{9A19103F-16F7-4668-BE54-9A1E7A4F7556}") = "TypeAuth.Blazor", "TypeAuth\TypeAuth.Blazor\TypeAuth.Blazor.csproj", "{8420620B-3C2D-4595-A4E8-BDCFA23D89F5}"
EndProject
Project("{9A19103F-16F7-4668-BE54-9A1E7A4F7556}") = "TypeAuth.AspNetCore", "TypeAuth\TypeAuth.AspNetCore\TypeAuth.AspNetCore.csproj", "{353CEDDA-E7C8-468D-8194-42E3FB28BAB7}"
EndProject
Project("{2150E333-8FDC-42A3-9474-1A3956D46DE8}") = "ShiftIdentity", "ShiftIdentity", "{6489D0AA-B15C-473C-AE4A-521223247D74}"
EndProject
Project("{9A19103F-16F7-4668-BE54-9A1E7A4F7556}") = "ShiftIdentity.Core", "ShiftIdentity\ShiftIdentity.Core\ShiftIdentity.Core.csproj", "{3AC67349-993D-47BE-A84F-A4F6C25A711F}"
EndProject
Project("{9A19103F-16F7-4668-BE54-9A1E7A4F7556}") = "ShiftIdentity.AspNetCore", "ShiftIdentity\ShiftIdentity.AspNetCore\ShiftIdentity.AspNetCore.csproj", "{EAFC242D-5C61-4B54-A1C5-F025FB1FA355}"
EndProject
Project("{9A19103F-16F7-4668-BE54-9A1E7A4F7556}") = "ShiftIdentity.Blazor", "ShiftIdentity\ShiftIdentity.Blazor\ShiftIdentity.Blazor.csproj", "{6A35ABE1-AFD6-4D19-B0A4-C79953358142}"
EndProject
Project("{9A19103F-16F7-4668-BE54-9A1E7A4F7556}") = "ShiftIdentity.Dashboard.AspNetCore", "ShiftIdentity\ShiftIdentity.Dashboard.AspNetCore\ShiftIdentity.Dashboard.AspNetCore.csproj", "{BEB8110E-AEF0-4479-98AC-9F071BFBC0EC}"
EndProject
Project("{9A19103F-16F7-4668-BE54-9A1E7A4F7556}") = "ShiftIdentity.Dashboard.Blazor", "ShiftIdentity\ShiftIdentity.Dashboard.Blazor\ShiftIdentity.Dashboard.Blazor.csproj", "{1E161E9A-7ECE-4C37-8376-BA5EF4138B92}"
EndProject
Project("{2150E333-8FDC-42A3-9474-1A3956D46DE8}") = "TestingTools", "TestingTools", "{5639267C-A8A4-4BF2-A220-B2F0329B730F}"
EndProject
Project("{9A19103F-16F7-4668-BE54-9A1E7A4F7556}") = "ShiftFrameworkTestingTools", "ShiftFrameworkTestingTools\ShiftFrameworkTestingTools\ShiftFrameworkTestingTools.csproj", "{47DE2DAB-96D4-4ACE-8BA0-F6F70183A6EC}"
EndProject
Project("{2150E333-8FDC-42A3-9474-1A3956D46DE8}") = "AzurePipeline", "AzurePipeline", "{C7710AE7-CF1E-413F-85A0-22F77E057F3C}"
	ProjectSection(SolutionItems) = preProject
		azure-pipeline.yml = azure-pipeline.yml
	EndProjectSection
EndProject
Global
	GlobalSection(SolutionConfigurationPlatforms) = preSolution
		Debug|Any CPU = Debug|Any CPU
		Debug|x64 = Debug|x64
		Debug|x86 = Debug|x86
		Release|Any CPU = Release|Any CPU
		Release|x64 = Release|x64
		Release|x86 = Release|x86
	EndGlobalSection
	GlobalSection(ProjectConfigurationPlatforms) = postSolution
		{A7404118-3766-40A6-BB47-FFDDF62A6369}.Debug|Any CPU.ActiveCfg = Debug|Any CPU
		{A7404118-3766-40A6-BB47-FFDDF62A6369}.Debug|Any CPU.Build.0 = Debug|Any CPU
		{A7404118-3766-40A6-BB47-FFDDF62A6369}.Debug|x64.ActiveCfg = Debug|Any CPU
		{A7404118-3766-40A6-BB47-FFDDF62A6369}.Debug|x64.Build.0 = Debug|Any CPU
		{A7404118-3766-40A6-BB47-FFDDF62A6369}.Debug|x86.ActiveCfg = Debug|Any CPU
		{A7404118-3766-40A6-BB47-FFDDF62A6369}.Debug|x86.Build.0 = Debug|Any CPU
		{A7404118-3766-40A6-BB47-FFDDF62A6369}.Release|Any CPU.ActiveCfg = Release|Any CPU
		{A7404118-3766-40A6-BB47-FFDDF62A6369}.Release|Any CPU.Build.0 = Release|Any CPU
		{A7404118-3766-40A6-BB47-FFDDF62A6369}.Release|x64.ActiveCfg = Release|Any CPU
		{A7404118-3766-40A6-BB47-FFDDF62A6369}.Release|x64.Build.0 = Release|Any CPU
		{A7404118-3766-40A6-BB47-FFDDF62A6369}.Release|x86.ActiveCfg = Release|Any CPU
		{A7404118-3766-40A6-BB47-FFDDF62A6369}.Release|x86.Build.0 = Release|Any CPU
		{86450FAF-20EA-4FDE-B2EA-781DCFF0CF07}.Debug|Any CPU.ActiveCfg = Debug|Any CPU
		{86450FAF-20EA-4FDE-B2EA-781DCFF0CF07}.Debug|Any CPU.Build.0 = Debug|Any CPU
		{86450FAF-20EA-4FDE-B2EA-781DCFF0CF07}.Debug|x64.ActiveCfg = Debug|Any CPU
		{86450FAF-20EA-4FDE-B2EA-781DCFF0CF07}.Debug|x64.Build.0 = Debug|Any CPU
		{86450FAF-20EA-4FDE-B2EA-781DCFF0CF07}.Debug|x86.ActiveCfg = Debug|Any CPU
		{86450FAF-20EA-4FDE-B2EA-781DCFF0CF07}.Debug|x86.Build.0 = Debug|Any CPU
		{86450FAF-20EA-4FDE-B2EA-781DCFF0CF07}.Release|Any CPU.ActiveCfg = Release|Any CPU
		{86450FAF-20EA-4FDE-B2EA-781DCFF0CF07}.Release|Any CPU.Build.0 = Release|Any CPU
		{86450FAF-20EA-4FDE-B2EA-781DCFF0CF07}.Release|x64.ActiveCfg = Release|Any CPU
		{86450FAF-20EA-4FDE-B2EA-781DCFF0CF07}.Release|x64.Build.0 = Release|Any CPU
		{86450FAF-20EA-4FDE-B2EA-781DCFF0CF07}.Release|x86.ActiveCfg = Release|Any CPU
		{86450FAF-20EA-4FDE-B2EA-781DCFF0CF07}.Release|x86.Build.0 = Release|Any CPU
		{DF5367F3-69F8-4110-84A3-56584F1DC023}.Debug|Any CPU.ActiveCfg = Debug|Any CPU
		{DF5367F3-69F8-4110-84A3-56584F1DC023}.Debug|Any CPU.Build.0 = Debug|Any CPU
		{DF5367F3-69F8-4110-84A3-56584F1DC023}.Debug|x64.ActiveCfg = Debug|Any CPU
		{DF5367F3-69F8-4110-84A3-56584F1DC023}.Debug|x64.Build.0 = Debug|Any CPU
		{DF5367F3-69F8-4110-84A3-56584F1DC023}.Debug|x86.ActiveCfg = Debug|Any CPU
		{DF5367F3-69F8-4110-84A3-56584F1DC023}.Debug|x86.Build.0 = Debug|Any CPU
		{DF5367F3-69F8-4110-84A3-56584F1DC023}.Release|Any CPU.ActiveCfg = Release|Any CPU
		{DF5367F3-69F8-4110-84A3-56584F1DC023}.Release|Any CPU.Build.0 = Release|Any CPU
		{DF5367F3-69F8-4110-84A3-56584F1DC023}.Release|x64.ActiveCfg = Release|Any CPU
		{DF5367F3-69F8-4110-84A3-56584F1DC023}.Release|x64.Build.0 = Release|Any CPU
		{DF5367F3-69F8-4110-84A3-56584F1DC023}.Release|x86.ActiveCfg = Release|Any CPU
		{DF5367F3-69F8-4110-84A3-56584F1DC023}.Release|x86.Build.0 = Release|Any CPU
		{93943AB2-A764-42D6-B104-9AA3063211D3}.Debug|Any CPU.ActiveCfg = Debug|Any CPU
		{93943AB2-A764-42D6-B104-9AA3063211D3}.Debug|Any CPU.Build.0 = Debug|Any CPU
		{93943AB2-A764-42D6-B104-9AA3063211D3}.Debug|x64.ActiveCfg = Debug|Any CPU
		{93943AB2-A764-42D6-B104-9AA3063211D3}.Debug|x64.Build.0 = Debug|Any CPU
		{93943AB2-A764-42D6-B104-9AA3063211D3}.Debug|x86.ActiveCfg = Debug|Any CPU
		{93943AB2-A764-42D6-B104-9AA3063211D3}.Debug|x86.Build.0 = Debug|Any CPU
		{93943AB2-A764-42D6-B104-9AA3063211D3}.Release|Any CPU.ActiveCfg = Release|Any CPU
		{93943AB2-A764-42D6-B104-9AA3063211D3}.Release|Any CPU.Build.0 = Release|Any CPU
		{93943AB2-A764-42D6-B104-9AA3063211D3}.Release|x64.ActiveCfg = Release|Any CPU
		{93943AB2-A764-42D6-B104-9AA3063211D3}.Release|x64.Build.0 = Release|Any CPU
		{93943AB2-A764-42D6-B104-9AA3063211D3}.Release|x86.ActiveCfg = Release|Any CPU
		{93943AB2-A764-42D6-B104-9AA3063211D3}.Release|x86.Build.0 = Release|Any CPU
		{5D63041A-7C32-4AF6-92A1-90A41BDDFB04}.Debug|Any CPU.ActiveCfg = Debug|Any CPU
		{5D63041A-7C32-4AF6-92A1-90A41BDDFB04}.Debug|Any CPU.Build.0 = Debug|Any CPU
		{5D63041A-7C32-4AF6-92A1-90A41BDDFB04}.Debug|x64.ActiveCfg = Debug|Any CPU
		{5D63041A-7C32-4AF6-92A1-90A41BDDFB04}.Debug|x64.Build.0 = Debug|Any CPU
		{5D63041A-7C32-4AF6-92A1-90A41BDDFB04}.Debug|x86.ActiveCfg = Debug|Any CPU
		{5D63041A-7C32-4AF6-92A1-90A41BDDFB04}.Debug|x86.Build.0 = Debug|Any CPU
		{5D63041A-7C32-4AF6-92A1-90A41BDDFB04}.Release|Any CPU.ActiveCfg = Release|Any CPU
		{5D63041A-7C32-4AF6-92A1-90A41BDDFB04}.Release|Any CPU.Build.0 = Release|Any CPU
		{5D63041A-7C32-4AF6-92A1-90A41BDDFB04}.Release|x64.ActiveCfg = Release|Any CPU
		{5D63041A-7C32-4AF6-92A1-90A41BDDFB04}.Release|x64.Build.0 = Release|Any CPU
		{5D63041A-7C32-4AF6-92A1-90A41BDDFB04}.Release|x86.ActiveCfg = Release|Any CPU
		{5D63041A-7C32-4AF6-92A1-90A41BDDFB04}.Release|x86.Build.0 = Release|Any CPU
		{CC0D270D-54BB-4B15-9386-58731E86694D}.Debug|Any CPU.ActiveCfg = Debug|Any CPU
		{CC0D270D-54BB-4B15-9386-58731E86694D}.Debug|Any CPU.Build.0 = Debug|Any CPU
		{CC0D270D-54BB-4B15-9386-58731E86694D}.Debug|x64.ActiveCfg = Debug|Any CPU
		{CC0D270D-54BB-4B15-9386-58731E86694D}.Debug|x64.Build.0 = Debug|Any CPU
		{CC0D270D-54BB-4B15-9386-58731E86694D}.Debug|x86.ActiveCfg = Debug|Any CPU
		{CC0D270D-54BB-4B15-9386-58731E86694D}.Debug|x86.Build.0 = Debug|Any CPU
		{CC0D270D-54BB-4B15-9386-58731E86694D}.Release|Any CPU.ActiveCfg = Release|Any CPU
		{CC0D270D-54BB-4B15-9386-58731E86694D}.Release|Any CPU.Build.0 = Release|Any CPU
		{CC0D270D-54BB-4B15-9386-58731E86694D}.Release|x64.ActiveCfg = Release|Any CPU
		{CC0D270D-54BB-4B15-9386-58731E86694D}.Release|x64.Build.0 = Release|Any CPU
		{CC0D270D-54BB-4B15-9386-58731E86694D}.Release|x86.ActiveCfg = Release|Any CPU
		{CC0D270D-54BB-4B15-9386-58731E86694D}.Release|x86.Build.0 = Release|Any CPU
		{84401B1D-9C2B-4AB8-8FC3-0EA6BC2819D6}.Debug|Any CPU.ActiveCfg = Debug|Any CPU
		{84401B1D-9C2B-4AB8-8FC3-0EA6BC2819D6}.Debug|Any CPU.Build.0 = Debug|Any CPU
		{84401B1D-9C2B-4AB8-8FC3-0EA6BC2819D6}.Debug|x64.ActiveCfg = Debug|Any CPU
		{84401B1D-9C2B-4AB8-8FC3-0EA6BC2819D6}.Debug|x64.Build.0 = Debug|Any CPU
		{84401B1D-9C2B-4AB8-8FC3-0EA6BC2819D6}.Debug|x86.ActiveCfg = Debug|Any CPU
		{84401B1D-9C2B-4AB8-8FC3-0EA6BC2819D6}.Debug|x86.Build.0 = Debug|Any CPU
		{84401B1D-9C2B-4AB8-8FC3-0EA6BC2819D6}.Release|Any CPU.ActiveCfg = Release|Any CPU
		{84401B1D-9C2B-4AB8-8FC3-0EA6BC2819D6}.Release|Any CPU.Build.0 = Release|Any CPU
		{84401B1D-9C2B-4AB8-8FC3-0EA6BC2819D6}.Release|x64.ActiveCfg = Release|Any CPU
		{84401B1D-9C2B-4AB8-8FC3-0EA6BC2819D6}.Release|x64.Build.0 = Release|Any CPU
		{84401B1D-9C2B-4AB8-8FC3-0EA6BC2819D6}.Release|x86.ActiveCfg = Release|Any CPU
		{84401B1D-9C2B-4AB8-8FC3-0EA6BC2819D6}.Release|x86.Build.0 = Release|Any CPU
		{2FE22ADD-54A1-4F2E-A784-CD78A06C428F}.Debug|Any CPU.ActiveCfg = Debug|Any CPU
		{2FE22ADD-54A1-4F2E-A784-CD78A06C428F}.Debug|Any CPU.Build.0 = Debug|Any CPU
		{2FE22ADD-54A1-4F2E-A784-CD78A06C428F}.Debug|x64.ActiveCfg = Debug|Any CPU
		{2FE22ADD-54A1-4F2E-A784-CD78A06C428F}.Debug|x64.Build.0 = Debug|Any CPU
		{2FE22ADD-54A1-4F2E-A784-CD78A06C428F}.Debug|x86.ActiveCfg = Debug|Any CPU
		{2FE22ADD-54A1-4F2E-A784-CD78A06C428F}.Debug|x86.Build.0 = Debug|Any CPU
		{2FE22ADD-54A1-4F2E-A784-CD78A06C428F}.Release|Any CPU.ActiveCfg = Release|Any CPU
		{2FE22ADD-54A1-4F2E-A784-CD78A06C428F}.Release|Any CPU.Build.0 = Release|Any CPU
		{2FE22ADD-54A1-4F2E-A784-CD78A06C428F}.Release|x64.ActiveCfg = Release|Any CPU
		{2FE22ADD-54A1-4F2E-A784-CD78A06C428F}.Release|x64.Build.0 = Release|Any CPU
		{2FE22ADD-54A1-4F2E-A784-CD78A06C428F}.Release|x86.ActiveCfg = Release|Any CPU
		{2FE22ADD-54A1-4F2E-A784-CD78A06C428F}.Release|x86.Build.0 = Release|Any CPU
		{8420620B-3C2D-4595-A4E8-BDCFA23D89F5}.Debug|Any CPU.ActiveCfg = Debug|Any CPU
		{8420620B-3C2D-4595-A4E8-BDCFA23D89F5}.Debug|Any CPU.Build.0 = Debug|Any CPU
		{8420620B-3C2D-4595-A4E8-BDCFA23D89F5}.Debug|x64.ActiveCfg = Debug|Any CPU
		{8420620B-3C2D-4595-A4E8-BDCFA23D89F5}.Debug|x64.Build.0 = Debug|Any CPU
		{8420620B-3C2D-4595-A4E8-BDCFA23D89F5}.Debug|x86.ActiveCfg = Debug|Any CPU
		{8420620B-3C2D-4595-A4E8-BDCFA23D89F5}.Debug|x86.Build.0 = Debug|Any CPU
		{8420620B-3C2D-4595-A4E8-BDCFA23D89F5}.Release|Any CPU.ActiveCfg = Release|Any CPU
		{8420620B-3C2D-4595-A4E8-BDCFA23D89F5}.Release|Any CPU.Build.0 = Release|Any CPU
		{8420620B-3C2D-4595-A4E8-BDCFA23D89F5}.Release|x64.ActiveCfg = Release|Any CPU
		{8420620B-3C2D-4595-A4E8-BDCFA23D89F5}.Release|x64.Build.0 = Release|Any CPU
		{8420620B-3C2D-4595-A4E8-BDCFA23D89F5}.Release|x86.ActiveCfg = Release|Any CPU
		{8420620B-3C2D-4595-A4E8-BDCFA23D89F5}.Release|x86.Build.0 = Release|Any CPU
		{353CEDDA-E7C8-468D-8194-42E3FB28BAB7}.Debug|Any CPU.ActiveCfg = Debug|Any CPU
		{353CEDDA-E7C8-468D-8194-42E3FB28BAB7}.Debug|Any CPU.Build.0 = Debug|Any CPU
		{353CEDDA-E7C8-468D-8194-42E3FB28BAB7}.Debug|x64.ActiveCfg = Debug|Any CPU
		{353CEDDA-E7C8-468D-8194-42E3FB28BAB7}.Debug|x64.Build.0 = Debug|Any CPU
		{353CEDDA-E7C8-468D-8194-42E3FB28BAB7}.Debug|x86.ActiveCfg = Debug|Any CPU
		{353CEDDA-E7C8-468D-8194-42E3FB28BAB7}.Debug|x86.Build.0 = Debug|Any CPU
		{353CEDDA-E7C8-468D-8194-42E3FB28BAB7}.Release|Any CPU.ActiveCfg = Release|Any CPU
		{353CEDDA-E7C8-468D-8194-42E3FB28BAB7}.Release|Any CPU.Build.0 = Release|Any CPU
		{353CEDDA-E7C8-468D-8194-42E3FB28BAB7}.Release|x64.ActiveCfg = Release|Any CPU
		{353CEDDA-E7C8-468D-8194-42E3FB28BAB7}.Release|x64.Build.0 = Release|Any CPU
		{353CEDDA-E7C8-468D-8194-42E3FB28BAB7}.Release|x86.ActiveCfg = Release|Any CPU
		{353CEDDA-E7C8-468D-8194-42E3FB28BAB7}.Release|x86.Build.0 = Release|Any CPU
		{3AC67349-993D-47BE-A84F-A4F6C25A711F}.Debug|Any CPU.ActiveCfg = Debug|Any CPU
		{3AC67349-993D-47BE-A84F-A4F6C25A711F}.Debug|Any CPU.Build.0 = Debug|Any CPU
		{3AC67349-993D-47BE-A84F-A4F6C25A711F}.Debug|x64.ActiveCfg = Debug|Any CPU
		{3AC67349-993D-47BE-A84F-A4F6C25A711F}.Debug|x64.Build.0 = Debug|Any CPU
		{3AC67349-993D-47BE-A84F-A4F6C25A711F}.Debug|x86.ActiveCfg = Debug|Any CPU
		{3AC67349-993D-47BE-A84F-A4F6C25A711F}.Debug|x86.Build.0 = Debug|Any CPU
		{3AC67349-993D-47BE-A84F-A4F6C25A711F}.Release|Any CPU.ActiveCfg = Release|Any CPU
		{3AC67349-993D-47BE-A84F-A4F6C25A711F}.Release|Any CPU.Build.0 = Release|Any CPU
		{3AC67349-993D-47BE-A84F-A4F6C25A711F}.Release|x64.ActiveCfg = Release|Any CPU
		{3AC67349-993D-47BE-A84F-A4F6C25A711F}.Release|x64.Build.0 = Release|Any CPU
		{3AC67349-993D-47BE-A84F-A4F6C25A711F}.Release|x86.ActiveCfg = Release|Any CPU
		{3AC67349-993D-47BE-A84F-A4F6C25A711F}.Release|x86.Build.0 = Release|Any CPU
		{EAFC242D-5C61-4B54-A1C5-F025FB1FA355}.Debug|Any CPU.ActiveCfg = Debug|Any CPU
		{EAFC242D-5C61-4B54-A1C5-F025FB1FA355}.Debug|Any CPU.Build.0 = Debug|Any CPU
		{EAFC242D-5C61-4B54-A1C5-F025FB1FA355}.Debug|x64.ActiveCfg = Debug|Any CPU
		{EAFC242D-5C61-4B54-A1C5-F025FB1FA355}.Debug|x64.Build.0 = Debug|Any CPU
		{EAFC242D-5C61-4B54-A1C5-F025FB1FA355}.Debug|x86.ActiveCfg = Debug|Any CPU
		{EAFC242D-5C61-4B54-A1C5-F025FB1FA355}.Debug|x86.Build.0 = Debug|Any CPU
		{EAFC242D-5C61-4B54-A1C5-F025FB1FA355}.Release|Any CPU.ActiveCfg = Release|Any CPU
		{EAFC242D-5C61-4B54-A1C5-F025FB1FA355}.Release|Any CPU.Build.0 = Release|Any CPU
		{EAFC242D-5C61-4B54-A1C5-F025FB1FA355}.Release|x64.ActiveCfg = Release|Any CPU
		{EAFC242D-5C61-4B54-A1C5-F025FB1FA355}.Release|x64.Build.0 = Release|Any CPU
		{EAFC242D-5C61-4B54-A1C5-F025FB1FA355}.Release|x86.ActiveCfg = Release|Any CPU
		{EAFC242D-5C61-4B54-A1C5-F025FB1FA355}.Release|x86.Build.0 = Release|Any CPU
		{6A35ABE1-AFD6-4D19-B0A4-C79953358142}.Debug|Any CPU.ActiveCfg = Debug|Any CPU
		{6A35ABE1-AFD6-4D19-B0A4-C79953358142}.Debug|Any CPU.Build.0 = Debug|Any CPU
		{6A35ABE1-AFD6-4D19-B0A4-C79953358142}.Debug|x64.ActiveCfg = Debug|Any CPU
		{6A35ABE1-AFD6-4D19-B0A4-C79953358142}.Debug|x64.Build.0 = Debug|Any CPU
		{6A35ABE1-AFD6-4D19-B0A4-C79953358142}.Debug|x86.ActiveCfg = Debug|Any CPU
		{6A35ABE1-AFD6-4D19-B0A4-C79953358142}.Debug|x86.Build.0 = Debug|Any CPU
		{6A35ABE1-AFD6-4D19-B0A4-C79953358142}.Release|Any CPU.ActiveCfg = Release|Any CPU
		{6A35ABE1-AFD6-4D19-B0A4-C79953358142}.Release|Any CPU.Build.0 = Release|Any CPU
		{6A35ABE1-AFD6-4D19-B0A4-C79953358142}.Release|x64.ActiveCfg = Release|Any CPU
		{6A35ABE1-AFD6-4D19-B0A4-C79953358142}.Release|x64.Build.0 = Release|Any CPU
		{6A35ABE1-AFD6-4D19-B0A4-C79953358142}.Release|x86.ActiveCfg = Release|Any CPU
		{6A35ABE1-AFD6-4D19-B0A4-C79953358142}.Release|x86.Build.0 = Release|Any CPU
		{BEB8110E-AEF0-4479-98AC-9F071BFBC0EC}.Debug|Any CPU.ActiveCfg = Debug|Any CPU
		{BEB8110E-AEF0-4479-98AC-9F071BFBC0EC}.Debug|Any CPU.Build.0 = Debug|Any CPU
		{BEB8110E-AEF0-4479-98AC-9F071BFBC0EC}.Debug|x64.ActiveCfg = Debug|Any CPU
		{BEB8110E-AEF0-4479-98AC-9F071BFBC0EC}.Debug|x64.Build.0 = Debug|Any CPU
		{BEB8110E-AEF0-4479-98AC-9F071BFBC0EC}.Debug|x86.ActiveCfg = Debug|Any CPU
		{BEB8110E-AEF0-4479-98AC-9F071BFBC0EC}.Debug|x86.Build.0 = Debug|Any CPU
		{BEB8110E-AEF0-4479-98AC-9F071BFBC0EC}.Release|Any CPU.ActiveCfg = Release|Any CPU
		{BEB8110E-AEF0-4479-98AC-9F071BFBC0EC}.Release|Any CPU.Build.0 = Release|Any CPU
		{BEB8110E-AEF0-4479-98AC-9F071BFBC0EC}.Release|x64.ActiveCfg = Release|Any CPU
		{BEB8110E-AEF0-4479-98AC-9F071BFBC0EC}.Release|x64.Build.0 = Release|Any CPU
		{BEB8110E-AEF0-4479-98AC-9F071BFBC0EC}.Release|x86.ActiveCfg = Release|Any CPU
		{BEB8110E-AEF0-4479-98AC-9F071BFBC0EC}.Release|x86.Build.0 = Release|Any CPU
		{1E161E9A-7ECE-4C37-8376-BA5EF4138B92}.Debug|Any CPU.ActiveCfg = Debug|Any CPU
		{1E161E9A-7ECE-4C37-8376-BA5EF4138B92}.Debug|Any CPU.Build.0 = Debug|Any CPU
		{1E161E9A-7ECE-4C37-8376-BA5EF4138B92}.Debug|x64.ActiveCfg = Debug|Any CPU
		{1E161E9A-7ECE-4C37-8376-BA5EF4138B92}.Debug|x64.Build.0 = Debug|Any CPU
		{1E161E9A-7ECE-4C37-8376-BA5EF4138B92}.Debug|x86.ActiveCfg = Debug|Any CPU
		{1E161E9A-7ECE-4C37-8376-BA5EF4138B92}.Debug|x86.Build.0 = Debug|Any CPU
		{1E161E9A-7ECE-4C37-8376-BA5EF4138B92}.Release|Any CPU.ActiveCfg = Release|Any CPU
		{1E161E9A-7ECE-4C37-8376-BA5EF4138B92}.Release|Any CPU.Build.0 = Release|Any CPU
		{1E161E9A-7ECE-4C37-8376-BA5EF4138B92}.Release|x64.ActiveCfg = Release|Any CPU
		{1E161E9A-7ECE-4C37-8376-BA5EF4138B92}.Release|x64.Build.0 = Release|Any CPU
		{1E161E9A-7ECE-4C37-8376-BA5EF4138B92}.Release|x86.ActiveCfg = Release|Any CPU
		{1E161E9A-7ECE-4C37-8376-BA5EF4138B92}.Release|x86.Build.0 = Release|Any CPU
		{47DE2DAB-96D4-4ACE-8BA0-F6F70183A6EC}.Debug|Any CPU.ActiveCfg = Debug|Any CPU
		{47DE2DAB-96D4-4ACE-8BA0-F6F70183A6EC}.Debug|Any CPU.Build.0 = Debug|Any CPU
		{47DE2DAB-96D4-4ACE-8BA0-F6F70183A6EC}.Debug|x64.ActiveCfg = Debug|Any CPU
		{47DE2DAB-96D4-4ACE-8BA0-F6F70183A6EC}.Debug|x64.Build.0 = Debug|Any CPU
		{47DE2DAB-96D4-4ACE-8BA0-F6F70183A6EC}.Debug|x86.ActiveCfg = Debug|Any CPU
		{47DE2DAB-96D4-4ACE-8BA0-F6F70183A6EC}.Debug|x86.Build.0 = Debug|Any CPU
		{47DE2DAB-96D4-4ACE-8BA0-F6F70183A6EC}.Release|Any CPU.ActiveCfg = Release|Any CPU
		{47DE2DAB-96D4-4ACE-8BA0-F6F70183A6EC}.Release|Any CPU.Build.0 = Release|Any CPU
		{47DE2DAB-96D4-4ACE-8BA0-F6F70183A6EC}.Release|x64.ActiveCfg = Release|Any CPU
		{47DE2DAB-96D4-4ACE-8BA0-F6F70183A6EC}.Release|x64.Build.0 = Release|Any CPU
		{47DE2DAB-96D4-4ACE-8BA0-F6F70183A6EC}.Release|x86.ActiveCfg = Release|Any CPU
		{47DE2DAB-96D4-4ACE-8BA0-F6F70183A6EC}.Release|x86.Build.0 = Release|Any CPU
	EndGlobalSection
	GlobalSection(SolutionProperties) = preSolution
		HideSolutionNode = FALSE
	EndGlobalSection
	GlobalSection(NestedProjects) = preSolution
		{A7404118-3766-40A6-BB47-FFDDF62A6369} = {43BA8F5F-30C8-4064-B666-89EAE7CF68BF}
		{86450FAF-20EA-4FDE-B2EA-781DCFF0CF07} = {43BA8F5F-30C8-4064-B666-89EAE7CF68BF}
		{DF5367F3-69F8-4110-84A3-56584F1DC023} = {43BA8F5F-30C8-4064-B666-89EAE7CF68BF}
		{93943AB2-A764-42D6-B104-9AA3063211D3} = {43BA8F5F-30C8-4064-B666-89EAE7CF68BF}
		{5D63041A-7C32-4AF6-92A1-90A41BDDFB04} = {43BA8F5F-30C8-4064-B666-89EAE7CF68BF}
		{CC0D270D-54BB-4B15-9386-58731E86694D} = {4E72C740-54DF-42F8-8329-8B3E2389C3CD}
		{84401B1D-9C2B-4AB8-8FC3-0EA6BC2819D6} = {4E72C740-54DF-42F8-8329-8B3E2389C3CD}
		{2FE22ADD-54A1-4F2E-A784-CD78A06C428F} = {CAF61DDD-411C-408B-97FA-D81DDF514A01}
		{8420620B-3C2D-4595-A4E8-BDCFA23D89F5} = {CAF61DDD-411C-408B-97FA-D81DDF514A01}
		{353CEDDA-E7C8-468D-8194-42E3FB28BAB7} = {CAF61DDD-411C-408B-97FA-D81DDF514A01}
		{3AC67349-993D-47BE-A84F-A4F6C25A711F} = {6489D0AA-B15C-473C-AE4A-521223247D74}
		{EAFC242D-5C61-4B54-A1C5-F025FB1FA355} = {6489D0AA-B15C-473C-AE4A-521223247D74}
		{6A35ABE1-AFD6-4D19-B0A4-C79953358142} = {6489D0AA-B15C-473C-AE4A-521223247D74}
		{BEB8110E-AEF0-4479-98AC-9F071BFBC0EC} = {6489D0AA-B15C-473C-AE4A-521223247D74}
		{1E161E9A-7ECE-4C37-8376-BA5EF4138B92} = {6489D0AA-B15C-473C-AE4A-521223247D74}
		{47DE2DAB-96D4-4ACE-8BA0-F6F70183A6EC} = {5639267C-A8A4-4BF2-A220-B2F0329B730F}
	EndGlobalSection
	GlobalSection(ExtensibilityGlobals) = postSolution
		SolutionGuid = {F8F8BA88-72AD-4566-A8DC-7273CA0EF733}
	EndGlobalSection
EndGlobal
