
Microsoft Visual Studio Solution File, Format Version 12.00
# Visual Studio Version 17
VisualStudioVersion = 17.0.31903.59
MinimumVisualStudioVersion = 10.0.40219.1
Project("{2150E333-8FDC-42A3-9474-1A3956D46DE8}") = "ShiftEntity", "ShiftEntity", "{E38C67B4-303E-4C72-9214-24A9063A4D33}"
EndProject
Project("{9A19103F-16F7-4668-BE54-9A1E7A4F7556}") = "ShiftEntity", "ShiftEntity\ShiftEntity\ShiftEntity.csproj", "{9C2E7D31-6648-41DB-9D75-30BF8935E64F}"
EndProject
Project("{9A19103F-16F7-4668-BE54-9A1E7A4F7556}") = "ShiftEntity.Model", "ShiftEntity\ShiftEntity.Model\ShiftEntity.Model.csproj", "{E9AB3A6A-D578-4A18-9116-82F4EB4057EA}"
EndProject
Project("{9A19103F-16F7-4668-BE54-9A1E7A4F7556}") = "ShiftEntityWeb", "ShiftEntity\ShiftEntityWeb\ShiftEntityWeb.csproj", "{A1969248-0792-42EA-8599-A796ED4B3793}"
EndProject
Project("{2150E333-8FDC-42A3-9474-1A3956D46DE8}") = "ShiftBlazor", "ShiftBlazor", "{235282FA-C840-4D02-8BF5-71E9E718DF79}"
EndProject
Project("{9A19103F-16F7-4668-BE54-9A1E7A4F7556}") = "ShiftBlazor", "ShiftBlazor\ShiftBlazor\ShiftBlazor.csproj", "{13B6A6DD-F56B-441D-8F3B-E0F085E30E52}"
EndProject
Project("{9A19103F-16F7-4668-BE54-9A1E7A4F7556}") = "ShiftBlazor.Tests", "ShiftBlazor\ShiftBlazor.Tests\ShiftBlazor.Tests.csproj", "{CD241E28-DA6F-4282-BEA7-5A199AF94F14}"
EndProject
Project("{2150E333-8FDC-42A3-9474-1A3956D46DE8}") = "ShiftFrameworkTestingTools", "ShiftFrameworkTestingTools", "{78D250B8-A72F-4EC2-82F3-EC72AE55DC83}"
EndProject
Project("{9A19103F-16F7-4668-BE54-9A1E7A4F7556}") = "ShiftFrameworkTestingTools", "ShiftFrameworkTestingTools\ShiftFrameworkTestingTools\ShiftFrameworkTestingTools.csproj", "{1E9F94DA-89E9-4D01-84D0-85FCF1FE5B11}"
EndProject
Project("{2150E333-8FDC-42A3-9474-1A3956D46DE8}") = "ToDo", "ToDo", "{707ABB85-6334-4FAF-BBAE-7ED0AFC19CD9}"
EndProject
Project("{9A19103F-16F7-4668-BE54-9A1E7A4F7556}") = "ToDo.API", "ToDo\ToDo.API\ToDo.API.csproj", "{2727A201-8F9B-4280-8969-D844BC330DE0}"
EndProject
Project("{9A19103F-16F7-4668-BE54-9A1E7A4F7556}") = "ToDo.Shared", "ToDo\ToDo.Shared\ToDo.Shared.csproj", "{E5010B20-72EE-4A4C-9EF3-0B65E1869B44}"
EndProject
Project("{9A19103F-16F7-4668-BE54-9A1E7A4F7556}") = "ToDo.Test", "ToDo\ToDo.Test\ToDo.Test.csproj", "{B749264E-837B-40F4-B71D-5AC3ECED0422}"
EndProject
Project("{9A19103F-16F7-4668-BE54-9A1E7A4F7556}") = "ToDo.Web", "ToDo\ToDo.Web\ToDo.Web.csproj", "{AED7F4FE-3654-4276-BA17-DFF69A659EF2}"
EndProject
Project("{2150E333-8FDC-42A3-9474-1A3956D46DE8}") = "TypeAuth", "TypeAuth", "{00A99191-851D-4523-AA17-E60A9622108B}"
EndProject
Project("{9A19103F-16F7-4668-BE54-9A1E7A4F7556}") = "TypeAuth.Core", "TypeAuth\TypeAuth.Core\TypeAuth.Core.csproj", "{C9527E6C-962C-44B4-9572-AC63851CB483}"
EndProject
Project("{9A19103F-16F7-4668-BE54-9A1E7A4F7556}") = "TypeAuth.Shared", "TypeAuth\TypeAuth.Shared\TypeAuth.Shared.csproj", "{929EA5AC-D3BF-4FA7-B574-2A35A3B6B492}"
EndProject
Project("{9A19103F-16F7-4668-BE54-9A1E7A4F7556}") = "TypeAuthTests", "TypeAuth\TypeAuth.Core.Tests\TypeAuthTests.csproj", "{D1F6E29E-F2E2-476F-9717-C81A101E2E31}"
EndProject
Project("{9A19103F-16F7-4668-BE54-9A1E7A4F7556}") = "TypeAuth.Blazor", "TypeAuth\TypeAuth.Blazor\TypeAuth.Blazor.csproj", "{DA9AB93A-B34B-41B0-8D11-DB0B91348DA9}"
EndProject
Project("{9A19103F-16F7-4668-BE54-9A1E7A4F7556}") = "TypeAuth.AspNetCore.Tests", "TypeAuth\TypeAuth.AspNetCore.Tests\TypeAuth.AspNetCore.Tests.csproj", "{B125B205-25E3-4DD2-9536-C937CC389E9D}"
EndProject
Project("{9A19103F-16F7-4668-BE54-9A1E7A4F7556}") = "TypeAuth.AspNetCore.Sample", "TypeAuth\TypeAuth.AspNetCore.Sample\TypeAuth.AspNetCore.Sample.csproj", "{F0B10DCD-3192-4AC4-B329-0543D90F8437}"
EndProject
Project("{9A19103F-16F7-4668-BE54-9A1E7A4F7556}") = "TypeAuth.AspNetCore", "TypeAuth\TypeAuth.AspNetCore\TypeAuth.AspNetCore.csproj", "{D094CF44-FBC9-49A3-9FC9-25FE3C58DC2C}"
EndProject
Global
	GlobalSection(SolutionConfigurationPlatforms) = preSolution
		Debug|Any CPU = Debug|Any CPU
		Release|Any CPU = Release|Any CPU
	EndGlobalSection
	GlobalSection(ProjectConfigurationPlatforms) = postSolution
		{9C2E7D31-6648-41DB-9D75-30BF8935E64F}.Debug|Any CPU.ActiveCfg = Debug|Any CPU
		{9C2E7D31-6648-41DB-9D75-30BF8935E64F}.Debug|Any CPU.Build.0 = Debug|Any CPU
		{9C2E7D31-6648-41DB-9D75-30BF8935E64F}.Release|Any CPU.ActiveCfg = Release|Any CPU
		{9C2E7D31-6648-41DB-9D75-30BF8935E64F}.Release|Any CPU.Build.0 = Release|Any CPU
		{E9AB3A6A-D578-4A18-9116-82F4EB4057EA}.Debug|Any CPU.ActiveCfg = Debug|Any CPU
		{E9AB3A6A-D578-4A18-9116-82F4EB4057EA}.Debug|Any CPU.Build.0 = Debug|Any CPU
		{E9AB3A6A-D578-4A18-9116-82F4EB4057EA}.Release|Any CPU.ActiveCfg = Release|Any CPU
		{E9AB3A6A-D578-4A18-9116-82F4EB4057EA}.Release|Any CPU.Build.0 = Release|Any CPU
		{A1969248-0792-42EA-8599-A796ED4B3793}.Debug|Any CPU.ActiveCfg = Debug|Any CPU
		{A1969248-0792-42EA-8599-A796ED4B3793}.Debug|Any CPU.Build.0 = Debug|Any CPU
		{A1969248-0792-42EA-8599-A796ED4B3793}.Release|Any CPU.ActiveCfg = Release|Any CPU
		{A1969248-0792-42EA-8599-A796ED4B3793}.Release|Any CPU.Build.0 = Release|Any CPU
		{13B6A6DD-F56B-441D-8F3B-E0F085E30E52}.Debug|Any CPU.ActiveCfg = Debug|Any CPU
		{13B6A6DD-F56B-441D-8F3B-E0F085E30E52}.Debug|Any CPU.Build.0 = Debug|Any CPU
		{13B6A6DD-F56B-441D-8F3B-E0F085E30E52}.Release|Any CPU.ActiveCfg = Release|Any CPU
		{13B6A6DD-F56B-441D-8F3B-E0F085E30E52}.Release|Any CPU.Build.0 = Release|Any CPU
		{CD241E28-DA6F-4282-BEA7-5A199AF94F14}.Debug|Any CPU.ActiveCfg = Debug|Any CPU
		{CD241E28-DA6F-4282-BEA7-5A199AF94F14}.Debug|Any CPU.Build.0 = Debug|Any CPU
		{CD241E28-DA6F-4282-BEA7-5A199AF94F14}.Release|Any CPU.ActiveCfg = Release|Any CPU
		{CD241E28-DA6F-4282-BEA7-5A199AF94F14}.Release|Any CPU.Build.0 = Release|Any CPU
		{1E9F94DA-89E9-4D01-84D0-85FCF1FE5B11}.Debug|Any CPU.ActiveCfg = Debug|Any CPU
		{1E9F94DA-89E9-4D01-84D0-85FCF1FE5B11}.Debug|Any CPU.Build.0 = Debug|Any CPU
		{1E9F94DA-89E9-4D01-84D0-85FCF1FE5B11}.Release|Any CPU.ActiveCfg = Release|Any CPU
		{1E9F94DA-89E9-4D01-84D0-85FCF1FE5B11}.Release|Any CPU.Build.0 = Release|Any CPU
		{2727A201-8F9B-4280-8969-D844BC330DE0}.Debug|Any CPU.ActiveCfg = Debug|Any CPU
		{2727A201-8F9B-4280-8969-D844BC330DE0}.Debug|Any CPU.Build.0 = Debug|Any CPU
		{2727A201-8F9B-4280-8969-D844BC330DE0}.Release|Any CPU.ActiveCfg = Release|Any CPU
		{2727A201-8F9B-4280-8969-D844BC330DE0}.Release|Any CPU.Build.0 = Release|Any CPU
		{E5010B20-72EE-4A4C-9EF3-0B65E1869B44}.Debug|Any CPU.ActiveCfg = Debug|Any CPU
		{E5010B20-72EE-4A4C-9EF3-0B65E1869B44}.Debug|Any CPU.Build.0 = Debug|Any CPU
		{E5010B20-72EE-4A4C-9EF3-0B65E1869B44}.Release|Any CPU.ActiveCfg = Release|Any CPU
		{E5010B20-72EE-4A4C-9EF3-0B65E1869B44}.Release|Any CPU.Build.0 = Release|Any CPU
		{B749264E-837B-40F4-B71D-5AC3ECED0422}.Debug|Any CPU.ActiveCfg = Debug|Any CPU
		{B749264E-837B-40F4-B71D-5AC3ECED0422}.Debug|Any CPU.Build.0 = Debug|Any CPU
		{B749264E-837B-40F4-B71D-5AC3ECED0422}.Release|Any CPU.ActiveCfg = Release|Any CPU
		{B749264E-837B-40F4-B71D-5AC3ECED0422}.Release|Any CPU.Build.0 = Release|Any CPU
		{AED7F4FE-3654-4276-BA17-DFF69A659EF2}.Debug|Any CPU.ActiveCfg = Debug|Any CPU
		{AED7F4FE-3654-4276-BA17-DFF69A659EF2}.Debug|Any CPU.Build.0 = Debug|Any CPU
		{AED7F4FE-3654-4276-BA17-DFF69A659EF2}.Release|Any CPU.ActiveCfg = Release|Any CPU
		{AED7F4FE-3654-4276-BA17-DFF69A659EF2}.Release|Any CPU.Build.0 = Release|Any CPU
		{C9527E6C-962C-44B4-9572-AC63851CB483}.Debug|Any CPU.ActiveCfg = Debug|Any CPU
		{C9527E6C-962C-44B4-9572-AC63851CB483}.Debug|Any CPU.Build.0 = Debug|Any CPU
		{C9527E6C-962C-44B4-9572-AC63851CB483}.Release|Any CPU.ActiveCfg = Release|Any CPU
		{C9527E6C-962C-44B4-9572-AC63851CB483}.Release|Any CPU.Build.0 = Release|Any CPU
		{929EA5AC-D3BF-4FA7-B574-2A35A3B6B492}.Debug|Any CPU.ActiveCfg = Debug|Any CPU
		{929EA5AC-D3BF-4FA7-B574-2A35A3B6B492}.Debug|Any CPU.Build.0 = Debug|Any CPU
		{929EA5AC-D3BF-4FA7-B574-2A35A3B6B492}.Release|Any CPU.ActiveCfg = Release|Any CPU
		{929EA5AC-D3BF-4FA7-B574-2A35A3B6B492}.Release|Any CPU.Build.0 = Release|Any CPU
		{D1F6E29E-F2E2-476F-9717-C81A101E2E31}.Debug|Any CPU.ActiveCfg = Debug|Any CPU
		{D1F6E29E-F2E2-476F-9717-C81A101E2E31}.Debug|Any CPU.Build.0 = Debug|Any CPU
		{D1F6E29E-F2E2-476F-9717-C81A101E2E31}.Release|Any CPU.ActiveCfg = Release|Any CPU
		{D1F6E29E-F2E2-476F-9717-C81A101E2E31}.Release|Any CPU.Build.0 = Release|Any CPU
		{DA9AB93A-B34B-41B0-8D11-DB0B91348DA9}.Debug|Any CPU.ActiveCfg = Debug|Any CPU
		{DA9AB93A-B34B-41B0-8D11-DB0B91348DA9}.Debug|Any CPU.Build.0 = Debug|Any CPU
		{DA9AB93A-B34B-41B0-8D11-DB0B91348DA9}.Release|Any CPU.ActiveCfg = Release|Any CPU
		{DA9AB93A-B34B-41B0-8D11-DB0B91348DA9}.Release|Any CPU.Build.0 = Release|Any CPU
		{B125B205-25E3-4DD2-9536-C937CC389E9D}.Debug|Any CPU.ActiveCfg = Debug|Any CPU
		{B125B205-25E3-4DD2-9536-C937CC389E9D}.Debug|Any CPU.Build.0 = Debug|Any CPU
		{B125B205-25E3-4DD2-9536-C937CC389E9D}.Release|Any CPU.ActiveCfg = Release|Any CPU
		{B125B205-25E3-4DD2-9536-C937CC389E9D}.Release|Any CPU.Build.0 = Release|Any CPU
		{F0B10DCD-3192-4AC4-B329-0543D90F8437}.Debug|Any CPU.ActiveCfg = Debug|Any CPU
		{F0B10DCD-3192-4AC4-B329-0543D90F8437}.Debug|Any CPU.Build.0 = Debug|Any CPU
		{F0B10DCD-3192-4AC4-B329-0543D90F8437}.Release|Any CPU.ActiveCfg = Release|Any CPU
		{F0B10DCD-3192-4AC4-B329-0543D90F8437}.Release|Any CPU.Build.0 = Release|Any CPU
		{D094CF44-FBC9-49A3-9FC9-25FE3C58DC2C}.Debug|Any CPU.ActiveCfg = Debug|Any CPU
		{D094CF44-FBC9-49A3-9FC9-25FE3C58DC2C}.Debug|Any CPU.Build.0 = Debug|Any CPU
		{D094CF44-FBC9-49A3-9FC9-25FE3C58DC2C}.Release|Any CPU.ActiveCfg = Release|Any CPU
		{D094CF44-FBC9-49A3-9FC9-25FE3C58DC2C}.Release|Any CPU.Build.0 = Release|Any CPU
	EndGlobalSection
	GlobalSection(SolutionProperties) = preSolution
		HideSolutionNode = FALSE
	EndGlobalSection
	GlobalSection(NestedProjects) = preSolution
		{9C2E7D31-6648-41DB-9D75-30BF8935E64F} = {E38C67B4-303E-4C72-9214-24A9063A4D33}
		{E9AB3A6A-D578-4A18-9116-82F4EB4057EA} = {E38C67B4-303E-4C72-9214-24A9063A4D33}
		{A1969248-0792-42EA-8599-A796ED4B3793} = {E38C67B4-303E-4C72-9214-24A9063A4D33}
		{13B6A6DD-F56B-441D-8F3B-E0F085E30E52} = {235282FA-C840-4D02-8BF5-71E9E718DF79}
		{CD241E28-DA6F-4282-BEA7-5A199AF94F14} = {235282FA-C840-4D02-8BF5-71E9E718DF79}
		{1E9F94DA-89E9-4D01-84D0-85FCF1FE5B11} = {78D250B8-A72F-4EC2-82F3-EC72AE55DC83}
		{2727A201-8F9B-4280-8969-D844BC330DE0} = {707ABB85-6334-4FAF-BBAE-7ED0AFC19CD9}
		{E5010B20-72EE-4A4C-9EF3-0B65E1869B44} = {707ABB85-6334-4FAF-BBAE-7ED0AFC19CD9}
		{B749264E-837B-40F4-B71D-5AC3ECED0422} = {707ABB85-6334-4FAF-BBAE-7ED0AFC19CD9}
		{AED7F4FE-3654-4276-BA17-DFF69A659EF2} = {707ABB85-6334-4FAF-BBAE-7ED0AFC19CD9}
		{C9527E6C-962C-44B4-9572-AC63851CB483} = {00A99191-851D-4523-AA17-E60A9622108B}
		{929EA5AC-D3BF-4FA7-B574-2A35A3B6B492} = {00A99191-851D-4523-AA17-E60A9622108B}
		{D1F6E29E-F2E2-476F-9717-C81A101E2E31} = {00A99191-851D-4523-AA17-E60A9622108B}
		{DA9AB93A-B34B-41B0-8D11-DB0B91348DA9} = {00A99191-851D-4523-AA17-E60A9622108B}
		{B125B205-25E3-4DD2-9536-C937CC389E9D} = {00A99191-851D-4523-AA17-E60A9622108B}
		{F0B10DCD-3192-4AC4-B329-0543D90F8437} = {00A99191-851D-4523-AA17-E60A9622108B}
		{D094CF44-FBC9-49A3-9FC9-25FE3C58DC2C} = {00A99191-851D-4523-AA17-E60A9622108B}
	EndGlobalSection
	GlobalSection(ExtensibilityGlobals) = postSolution
		SolutionGuid = {F9E7A7DA-C510-4B44-82CB-8A12256C811B}
	EndGlobalSection
EndGlobal
